
Microsoft Visual Studio Solution File, Format Version 12.00
# Visual Studio Version 17
VisualStudioVersion = 17.14.36408.4 d17.14
MinimumVisualStudioVersion = 10.0.40219.1
Project("{FAE04EC0-301F-11D3-BF4B-00C04F79EFBC}") = "KickBlastJudoFeeCalculator", "KickBlastJudoFeeCalculator\KickBlastJudoFeeCalculator.csproj", "{591CE9E6-DAA5-4A21-BD66-4A90AC2D99DF}"
EndProject
Global
	GlobalSection(SolutionConfigurationPlatforms) = preSolution
		Debug|Any CPU = Debug|Any CPU
		Release|Any CPU = Release|Any CPU
	EndGlobalSection
	GlobalSection(ProjectConfigurationPlatforms) = postSolution
		{591CE9E6-DAA5-4A21-BD66-4A90AC2D99DF}.Debug|Any CPU.ActiveCfg = Debug|Any CPU
		{591CE9E6-DAA5-4A21-BD66-4A90AC2D99DF}.Debug|Any CPU.Build.0 = Debug|Any CPU
		{591CE9E6-DAA5-4A21-BD66-4A90AC2D99DF}.Release|Any CPU.ActiveCfg = Release|Any CPU
		{591CE9E6-DAA5-4A21-BD66-4A90AC2D99DF}.Release|Any CPU.Build.0 = Release|Any CPU
	EndGlobalSection
	GlobalSection(SolutionProperties) = preSolution
		HideSolutionNode = FALSE
	EndGlobalSection
	GlobalSection(ExtensibilityGlobals) = postSolution
		SolutionGuid = {7F061653-C0E1-42CA-A0FF-EFAC2816E873}
	EndGlobalSection
EndGlobal
